
Microsoft Visual Studio Solution File, Format Version 12.00
# Visual Studio Version 17
VisualStudioVersion = 17.7.34221.43
MinimumVisualStudioVersion = 10.0.40219.1
Project("{8BC9CEB8-8B4A-11D0-8D11-00A0C91BC942}") = "GraphicsEngine3D", "GraphicsEngine3D.vcxproj", "{20E6E8A9-1652-460F-80C8-0EEEF4A2F2CB}"
EndProject
Global
	GlobalSection(SolutionConfigurationPlatforms) = preSolution
		Debug|x64 = Debug|x64
		Debug|x86 = Debug|x86
		Release|x64 = Release|x64
		Release|x86 = Release|x86
	EndGlobalSection
	GlobalSection(ProjectConfigurationPlatforms) = postSolution
		{20E6E8A9-1652-460F-80C8-0EEEF4A2F2CB}.Debug|x64.ActiveCfg = Debug|x64
		{20E6E8A9-1652-460F-80C8-0EEEF4A2F2CB}.Debug|x64.Build.0 = Debug|x64
		{20E6E8A9-1652-460F-80C8-0EEEF4A2F2CB}.Debug|x86.ActiveCfg = Debug|Win32
		{20E6E8A9-1652-460F-80C8-0EEEF4A2F2CB}.Debug|x86.Build.0 = Debug|Win32
		{20E6E8A9-1652-460F-80C8-0EEEF4A2F2CB}.Release|x64.ActiveCfg = Release|x64
		{20E6E8A9-1652-460F-80C8-0EEEF4A2F2CB}.Release|x64.Build.0 = Release|x64
		{20E6E8A9-1652-460F-80C8-0EEEF4A2F2CB}.Release|x86.ActiveCfg = Release|Win32
		{20E6E8A9-1652-460F-80C8-0EEEF4A2F2CB}.Release|x86.Build.0 = Release|Win32
	EndGlobalSection
	GlobalSection(SolutionProperties) = preSolution
		HideSolutionNode = FALSE
	EndGlobalSection
	GlobalSection(ExtensibilityGlobals) = postSolution
		SolutionGuid = {532A6162-A2DD-4155-A8F0-0546C450C038}
	EndGlobalSection
EndGlobal
